
Microsoft Visual Studio Solution File, Format Version 12.00
# Visual Studio Version 17
VisualStudioVersion = 17.3.32825.248
MinimumVisualStudioVersion = 10.0.40219.1
Project("{9A19103F-16F7-4668-BE54-9A1E7A4F7556}") = "Tschess.Backend", "tschess.Backend\Tschess.Backend.csproj", "{8456DB88-2327-4F7D-9742-E9FA9148F807}"
EndProject
Project("{9A19103F-16F7-4668-BE54-9A1E7A4F7556}") = "Tschess.Application", "tschess.Application\Tschess.Application.csproj", "{E380BB4F-410F-413E-9602-90EE87236267}"
EndProject
Global
	GlobalSection(SolutionConfigurationPlatforms) = preSolution
		Debug|Any CPU = Debug|Any CPU
		Release|Any CPU = Release|Any CPU
	EndGlobalSection
	GlobalSection(ProjectConfigurationPlatforms) = postSolution
		{8456DB88-2327-4F7D-9742-E9FA9148F807}.Debug|Any CPU.ActiveCfg = Debug|Any CPU
		{8456DB88-2327-4F7D-9742-E9FA9148F807}.Debug|Any CPU.Build.0 = Debug|Any CPU
		{8456DB88-2327-4F7D-9742-E9FA9148F807}.Release|Any CPU.ActiveCfg = Release|Any CPU
		{8456DB88-2327-4F7D-9742-E9FA9148F807}.Release|Any CPU.Build.0 = Release|Any CPU
		{E380BB4F-410F-413E-9602-90EE87236267}.Debug|Any CPU.ActiveCfg = Debug|Any CPU
		{E380BB4F-410F-413E-9602-90EE87236267}.Debug|Any CPU.Build.0 = Debug|Any CPU
		{E380BB4F-410F-413E-9602-90EE87236267}.Release|Any CPU.ActiveCfg = Release|Any CPU
		{E380BB4F-410F-413E-9602-90EE87236267}.Release|Any CPU.Build.0 = Release|Any CPU
	EndGlobalSection
	GlobalSection(SolutionProperties) = preSolution
		HideSolutionNode = FALSE
	EndGlobalSection
	GlobalSection(ExtensibilityGlobals) = postSolution
		SolutionGuid = {F6ED2CE5-988D-4F29-B3C1-1089B77C0E24}
	EndGlobalSection
EndGlobal
